
Microsoft Visual Studio Solution File, Format Version 12.00
# Visual Studio Version 17
VisualStudioVersion = 17.0.31903.59
MinimumVisualStudioVersion = 10.0.40219.1
Project("{2150E333-8FDC-42A3-9474-1A3956D46DE8}") = "src", "src", "{67799486-68AC-4D5E-A990-F92717906E18}"
EndProject
Project("{FAE04EC0-301F-11D3-BF4B-00C04F79EFBC}") = "ElsaServer", "src\ElsaServer\ElsaServer.csproj", "{E80033BF-DE80-4B0A-9DB0-50FA44995CDF}"
EndProject
Project("{FAE04EC0-301F-11D3-BF4B-00C04F79EFBC}") = "ElsaStudio", "src\ElsaStudio\ElsaStudio.csproj", "{35B01430-87DB-489D-99B9-4C90A9B6764F}"
EndProject
Project("{2150E333-8FDC-42A3-9474-1A3956D46DE8}") = "Common", "Common", "{FA8E5337-DD91-4AF8-B7C7-47273C80F108}"
EndProject
Project("{FAE04EC0-301F-11D3-BF4B-00C04F79EFBC}") = "RabbitMQService", "src\Common\RabbitMQService\RabbitMQService.csproj", "{C4FA423D-EDC4-4918-82EE-D5293A857F23}"
EndProject
Global
	GlobalSection(SolutionConfigurationPlatforms) = preSolution
		Debug|Any CPU = Debug|Any CPU
		Release|Any CPU = Release|Any CPU
	EndGlobalSection
	GlobalSection(SolutionProperties) = preSolution
		HideSolutionNode = FALSE
	EndGlobalSection
	GlobalSection(ProjectConfigurationPlatforms) = postSolution
		{E80033BF-DE80-4B0A-9DB0-50FA44995CDF}.Debug|Any CPU.ActiveCfg = Debug|Any CPU
		{E80033BF-DE80-4B0A-9DB0-50FA44995CDF}.Debug|Any CPU.Build.0 = Debug|Any CPU
		{E80033BF-DE80-4B0A-9DB0-50FA44995CDF}.Release|Any CPU.ActiveCfg = Release|Any CPU
		{E80033BF-DE80-4B0A-9DB0-50FA44995CDF}.Release|Any CPU.Build.0 = Release|Any CPU
		{35B01430-87DB-489D-99B9-4C90A9B6764F}.Debug|Any CPU.ActiveCfg = Debug|Any CPU
		{35B01430-87DB-489D-99B9-4C90A9B6764F}.Debug|Any CPU.Build.0 = Debug|Any CPU
		{35B01430-87DB-489D-99B9-4C90A9B6764F}.Release|Any CPU.ActiveCfg = Release|Any CPU
		{35B01430-87DB-489D-99B9-4C90A9B6764F}.Release|Any CPU.Build.0 = Release|Any CPU
		{C4FA423D-EDC4-4918-82EE-D5293A857F23}.Debug|Any CPU.ActiveCfg = Debug|Any CPU
		{C4FA423D-EDC4-4918-82EE-D5293A857F23}.Debug|Any CPU.Build.0 = Debug|Any CPU
		{C4FA423D-EDC4-4918-82EE-D5293A857F23}.Release|Any CPU.ActiveCfg = Release|Any CPU
		{C4FA423D-EDC4-4918-82EE-D5293A857F23}.Release|Any CPU.Build.0 = Release|Any CPU
	EndGlobalSection
	GlobalSection(NestedProjects) = preSolution
		{E80033BF-DE80-4B0A-9DB0-50FA44995CDF} = {67799486-68AC-4D5E-A990-F92717906E18}
		{35B01430-87DB-489D-99B9-4C90A9B6764F} = {67799486-68AC-4D5E-A990-F92717906E18}
		{FA8E5337-DD91-4AF8-B7C7-47273C80F108} = {67799486-68AC-4D5E-A990-F92717906E18}
		{C4FA423D-EDC4-4918-82EE-D5293A857F23} = {FA8E5337-DD91-4AF8-B7C7-47273C80F108}
	EndGlobalSection
EndGlobal
