
Microsoft Visual Studio Solution File, Format Version 12.00
# Visual Studio Version 17
VisualStudioVersion = 17.0.31903.59
MinimumVisualStudioVersion = 10.0.40219.1
Project("{2150E333-8FDC-42A3-9474-1A3956D46DE8}") = "src", "src", "{67799486-68AC-4D5E-A990-F92717906E18}"
EndProject
Project("{FAE04EC0-301F-11D3-BF4B-00C04F79EFBC}") = "ElsaServer", "src\ElsaServer\ElsaServer.csproj", "{E80033BF-DE80-4B0A-9DB0-50FA44995CDF}"
EndProject
Project("{FAE04EC0-301F-11D3-BF4B-00C04F79EFBC}") = "ElsaStudio", "src\ElsaStudio\ElsaStudio.csproj", "{35B01430-87DB-489D-99B9-4C90A9B6764F}"
EndProject
Project("{2150E333-8FDC-42A3-9474-1A3956D46DE8}") = "Common", "Common", "{FA8E5337-DD91-4AF8-B7C7-47273C80F108}"
EndProject
Project("{FAE04EC0-301F-11D3-BF4B-00C04F79EFBC}") = "RabbitMQService", "src\Common\RabbitMQService\RabbitMQService.csproj", "{C4FA423D-EDC4-4918-82EE-D5293A857F23}"
EndProject
Project("{2150E333-8FDC-42A3-9474-1A3956D46DE8}") = "tests", "tests", "{D7AE8399-FA3F-4573-ADE4-D971387E5976}"
EndProject
Project("{FAE04EC0-301F-11D3-BF4B-00C04F79EFBC}") = "ElsaServer.IntegrationTests", "tests\ElsaServer.IntegrationTests\ElsaServer.IntegrationTests.csproj", "{DBD798E0-63C6-45AD-AD09-916768A5A51A}"
EndProject
Project("{FAE04EC0-301F-11D3-BF4B-00C04F79EFBC}") = "Activities.Contracts", "src\Activities.Contracts\Activities.Contracts.csproj", "{B49B9A2F-8D55-4D8D-8977-89413C96011C}"
EndProject
Project("{FAE04EC0-301F-11D3-BF4B-00C04F79EFBC}") = "Activities.Loader", "src\Activities.Loader\Activities.Loader.csproj", "{297DAB14-2E4B-47D1-9C46-47EDDD3B98AC}"
EndProject
Project("{2150E333-8FDC-42A3-9474-1A3956D46DE8}") = "Activities.Templates", "Activities.Templates", "{78901C03-B0A5-4BED-B144-741B66F03172}"
EndProject
Project("{FAE04EC0-301F-11D3-BF4B-00C04F79EFBC}") = "CustomActivityTemplate", "src\Activities.Templates\CustomActivityTemplate\CustomActivityTemplate.csproj", "{267B70DC-4D7A-4E35-AEE2-02975EB2E456}"
EndProject
Project("{FAE04EC0-301F-11D3-BF4B-00C04F79EFBC}") = "Activities.Testing", "tests\Activities.Testing\Activities.Testing.csproj", "{4F7C7F91-569F-485A-BE46-E00BB8611840}"
EndProject
Project("{FAE04EC0-301F-11D3-BF4B-00C04F79EFBC}") = "Activities.Templates.CustomActivityTemplate.UnitTests", "tests\Activities.Templates.CustomActivityTemplate.UnitTests\Activities.Templates.CustomActivityTemplate.UnitTests.csproj", "{314929F3-5538-49B1-B79D-C072EC88301E}"
EndProject
Project("{FAE04EC0-301F-11D3-BF4B-00C04F79EFBC}") = "ElsaServer.UnitTests", "tests\ElsaServer.UnitTests\ElsaServer.UnitTests.csproj", "{0FEB5043-C2D6-4ECE-88AE-14EFC06D901D}"
EndProject
Global
	GlobalSection(SolutionConfigurationPlatforms) = preSolution
		Debug|Any CPU = Debug|Any CPU
		Release|Any CPU = Release|Any CPU
	EndGlobalSection
	GlobalSection(SolutionProperties) = preSolution
		HideSolutionNode = FALSE
	EndGlobalSection
	GlobalSection(ProjectConfigurationPlatforms) = postSolution
		{E80033BF-DE80-4B0A-9DB0-50FA44995CDF}.Debug|Any CPU.ActiveCfg = Debug|Any CPU
		{E80033BF-DE80-4B0A-9DB0-50FA44995CDF}.Debug|Any CPU.Build.0 = Debug|Any CPU
		{E80033BF-DE80-4B0A-9DB0-50FA44995CDF}.Release|Any CPU.ActiveCfg = Release|Any CPU
		{E80033BF-DE80-4B0A-9DB0-50FA44995CDF}.Release|Any CPU.Build.0 = Release|Any CPU
		{35B01430-87DB-489D-99B9-4C90A9B6764F}.Debug|Any CPU.ActiveCfg = Debug|Any CPU
		{35B01430-87DB-489D-99B9-4C90A9B6764F}.Debug|Any CPU.Build.0 = Debug|Any CPU
		{35B01430-87DB-489D-99B9-4C90A9B6764F}.Release|Any CPU.ActiveCfg = Release|Any CPU
		{35B01430-87DB-489D-99B9-4C90A9B6764F}.Release|Any CPU.Build.0 = Release|Any CPU
		{C4FA423D-EDC4-4918-82EE-D5293A857F23}.Debug|Any CPU.ActiveCfg = Debug|Any CPU
		{C4FA423D-EDC4-4918-82EE-D5293A857F23}.Debug|Any CPU.Build.0 = Debug|Any CPU
		{C4FA423D-EDC4-4918-82EE-D5293A857F23}.Release|Any CPU.ActiveCfg = Release|Any CPU
		{C4FA423D-EDC4-4918-82EE-D5293A857F23}.Release|Any CPU.Build.0 = Release|Any CPU
		{DBD798E0-63C6-45AD-AD09-916768A5A51A}.Debug|Any CPU.ActiveCfg = Debug|Any CPU
		{DBD798E0-63C6-45AD-AD09-916768A5A51A}.Debug|Any CPU.Build.0 = Debug|Any CPU
		{DBD798E0-63C6-45AD-AD09-916768A5A51A}.Release|Any CPU.ActiveCfg = Release|Any CPU
		{DBD798E0-63C6-45AD-AD09-916768A5A51A}.Release|Any CPU.Build.0 = Release|Any CPU
		{B49B9A2F-8D55-4D8D-8977-89413C96011C}.Debug|Any CPU.ActiveCfg = Debug|Any CPU
		{B49B9A2F-8D55-4D8D-8977-89413C96011C}.Debug|Any CPU.Build.0 = Debug|Any CPU
		{B49B9A2F-8D55-4D8D-8977-89413C96011C}.Release|Any CPU.ActiveCfg = Release|Any CPU
		{B49B9A2F-8D55-4D8D-8977-89413C96011C}.Release|Any CPU.Build.0 = Release|Any CPU
		{297DAB14-2E4B-47D1-9C46-47EDDD3B98AC}.Debug|Any CPU.ActiveCfg = Debug|Any CPU
		{297DAB14-2E4B-47D1-9C46-47EDDD3B98AC}.Debug|Any CPU.Build.0 = Debug|Any CPU
		{297DAB14-2E4B-47D1-9C46-47EDDD3B98AC}.Release|Any CPU.ActiveCfg = Release|Any CPU
		{297DAB14-2E4B-47D1-9C46-47EDDD3B98AC}.Release|Any CPU.Build.0 = Release|Any CPU
		{267B70DC-4D7A-4E35-AEE2-02975EB2E456}.Debug|Any CPU.ActiveCfg = Debug|Any CPU
		{267B70DC-4D7A-4E35-AEE2-02975EB2E456}.Debug|Any CPU.Build.0 = Debug|Any CPU
		{267B70DC-4D7A-4E35-AEE2-02975EB2E456}.Release|Any CPU.ActiveCfg = Release|Any CPU
		{267B70DC-4D7A-4E35-AEE2-02975EB2E456}.Release|Any CPU.Build.0 = Release|Any CPU
		{4F7C7F91-569F-485A-BE46-E00BB8611840}.Debug|Any CPU.ActiveCfg = Debug|Any CPU
		{4F7C7F91-569F-485A-BE46-E00BB8611840}.Debug|Any CPU.Build.0 = Debug|Any CPU
		{4F7C7F91-569F-485A-BE46-E00BB8611840}.Release|Any CPU.ActiveCfg = Release|Any CPU
		{4F7C7F91-569F-485A-BE46-E00BB8611840}.Release|Any CPU.Build.0 = Release|Any CPU
		{314929F3-5538-49B1-B79D-C072EC88301E}.Debug|Any CPU.ActiveCfg = Debug|Any CPU
		{314929F3-5538-49B1-B79D-C072EC88301E}.Debug|Any CPU.Build.0 = Debug|Any CPU
		{314929F3-5538-49B1-B79D-C072EC88301E}.Release|Any CPU.ActiveCfg = Release|Any CPU
		{314929F3-5538-49B1-B79D-C072EC88301E}.Release|Any CPU.Build.0 = Release|Any CPU
		{0FEB5043-C2D6-4ECE-88AE-14EFC06D901D}.Debug|Any CPU.ActiveCfg = Debug|Any CPU
		{0FEB5043-C2D6-4ECE-88AE-14EFC06D901D}.Debug|Any CPU.Build.0 = Debug|Any CPU
		{0FEB5043-C2D6-4ECE-88AE-14EFC06D901D}.Release|Any CPU.ActiveCfg = Release|Any CPU
		{0FEB5043-C2D6-4ECE-88AE-14EFC06D901D}.Release|Any CPU.Build.0 = Release|Any CPU
	EndGlobalSection
	GlobalSection(NestedProjects) = preSolution
		{E80033BF-DE80-4B0A-9DB0-50FA44995CDF} = {67799486-68AC-4D5E-A990-F92717906E18}
		{35B01430-87DB-489D-99B9-4C90A9B6764F} = {67799486-68AC-4D5E-A990-F92717906E18}
		{FA8E5337-DD91-4AF8-B7C7-47273C80F108} = {67799486-68AC-4D5E-A990-F92717906E18}
		{C4FA423D-EDC4-4918-82EE-D5293A857F23} = {FA8E5337-DD91-4AF8-B7C7-47273C80F108}
		{DBD798E0-63C6-45AD-AD09-916768A5A51A} = {D7AE8399-FA3F-4573-ADE4-D971387E5976}
		{B49B9A2F-8D55-4D8D-8977-89413C96011C} = {67799486-68AC-4D5E-A990-F92717906E18}
		{297DAB14-2E4B-47D1-9C46-47EDDD3B98AC} = {67799486-68AC-4D5E-A990-F92717906E18}
		{78901C03-B0A5-4BED-B144-741B66F03172} = {67799486-68AC-4D5E-A990-F92717906E18}
		{267B70DC-4D7A-4E35-AEE2-02975EB2E456} = {78901C03-B0A5-4BED-B144-741B66F03172}
		{4F7C7F91-569F-485A-BE46-E00BB8611840} = {D7AE8399-FA3F-4573-ADE4-D971387E5976}
		{314929F3-5538-49B1-B79D-C072EC88301E} = {D7AE8399-FA3F-4573-ADE4-D971387E5976}
		{0FEB5043-C2D6-4ECE-88AE-14EFC06D901D} = {D7AE8399-FA3F-4573-ADE4-D971387E5976}
	EndGlobalSection
EndGlobal
