
Microsoft Visual Studio Solution File, Format Version 12.00
# Visual Studio Version 17
VisualStudioVersion = 17.0.31903.59
MinimumVisualStudioVersion = 10.0.40219.1
Project("{2150E333-8FDC-42A3-9474-1A3956D46DE8}") = "src", "src", "{67799486-68AC-4D5E-A990-F92717906E18}"
EndProject
Project("{FAE04EC0-301F-11D3-BF4B-00C04F79EFBC}") = "ElsaServer", "src\ElsaServer\ElsaServer.csproj", "{E80033BF-DE80-4B0A-9DB0-50FA44995CDF}"
EndProject
Project("{FAE04EC0-301F-11D3-BF4B-00C04F79EFBC}") = "ElsaStudio", "src\ElsaStudio\ElsaStudio.csproj", "{35B01430-87DB-489D-99B9-4C90A9B6764F}"
EndProject
Project("{2150E333-8FDC-42A3-9474-1A3956D46DE8}") = "Common", "Common", "{FA8E5337-DD91-4AF8-B7C7-47273C80F108}"
EndProject
Project("{FAE04EC0-301F-11D3-BF4B-00C04F79EFBC}") = "RabbitMQService", "src\Common\RabbitMQService\RabbitMQService.csproj", "{C4FA423D-EDC4-4918-82EE-D5293A857F23}"
EndProject
Project("{FAE04EC0-301F-11D3-BF4B-00C04F79EFBC}") = "Subscribe", "src\Subscribe\Subscribe.csproj", "{F6A1D2C3-5B4E-4F7A-8C9D-1E2F3A4B5C6D}"
EndProject
Project("{FAE04EC0-301F-11D3-BF4B-00C04F79EFBC}") = "RpcService", "src\RpcService\RpcService.csproj", "{A1B2C3D4-E5F6-7890-ABCD-EF1234567890}"
EndProject
Project("{2150E333-8FDC-42A3-9474-1A3956D46DE8}") = "tests", "tests", "{ECB7A2DB-320B-4C46-8067-712C45E7D674}"
EndProject
Project("{FAE04EC0-301F-11D3-BF4B-00C04F79EFBC}") = "ElsaServer.UnitTests", "tests\ElsaServer.UnitTests\ElsaServer.UnitTests.csproj", "{696C6261-FE62-4993-A22E-EFC5EEBCF6EF}"
EndProject
Project("{FAE04EC0-301F-11D3-BF4B-00C04F79EFBC}") = "ElsaServer.IntegrationTests", "tests\ElsaServer.IntegrationTests\ElsaServer.IntegrationTests.csproj", "{AB17579F-5BE1-4CE0-BD27-2E902926C9A1}"
EndProject
Global
	GlobalSection(SolutionConfigurationPlatforms) = preSolution
		Debug|Any CPU = Debug|Any CPU
		Release|Any CPU = Release|Any CPU
	EndGlobalSection
	GlobalSection(SolutionProperties) = preSolution
		HideSolutionNode = FALSE
	EndGlobalSection
	GlobalSection(ProjectConfigurationPlatforms) = postSolution
		{E80033BF-DE80-4B0A-9DB0-50FA44995CDF}.Debug|Any CPU.ActiveCfg = Debug|Any CPU
		{E80033BF-DE80-4B0A-9DB0-50FA44995CDF}.Debug|Any CPU.Build.0 = Debug|Any CPU
		{E80033BF-DE80-4B0A-9DB0-50FA44995CDF}.Release|Any CPU.ActiveCfg = Release|Any CPU
		{E80033BF-DE80-4B0A-9DB0-50FA44995CDF}.Release|Any CPU.Build.0 = Release|Any CPU
		{35B01430-87DB-489D-99B9-4C90A9B6764F}.Debug|Any CPU.ActiveCfg = Debug|Any CPU
		{35B01430-87DB-489D-99B9-4C90A9B6764F}.Debug|Any CPU.Build.0 = Debug|Any CPU
		{35B01430-87DB-489D-99B9-4C90A9B6764F}.Release|Any CPU.ActiveCfg = Release|Any CPU
		{35B01430-87DB-489D-99B9-4C90A9B6764F}.Release|Any CPU.Build.0 = Release|Any CPU
		{C4FA423D-EDC4-4918-82EE-D5293A857F23}.Debug|Any CPU.ActiveCfg = Debug|Any CPU
		{C4FA423D-EDC4-4918-82EE-D5293A857F23}.Debug|Any CPU.Build.0 = Debug|Any CPU
		{C4FA423D-EDC4-4918-82EE-D5293A857F23}.Release|Any CPU.ActiveCfg = Release|Any CPU
		{C4FA423D-EDC4-4918-82EE-D5293A857F23}.Release|Any CPU.Build.0 = Release|Any CPU
		{F6A1D2C3-5B4E-4F7A-8C9D-1E2F3A4B5C6D}.Debug|Any CPU.ActiveCfg = Debug|Any CPU
		{F6A1D2C3-5B4E-4F7A-8C9D-1E2F3A4B5C6D}.Debug|Any CPU.Build.0 = Debug|Any CPU
		{F6A1D2C3-5B4E-4F7A-8C9D-1E2F3A4B5C6D}.Release|Any CPU.ActiveCfg = Release|Any CPU
		{F6A1D2C3-5B4E-4F7A-8C9D-1E2F3A4B5C6D}.Release|Any CPU.Build.0 = Release|Any CPU
		{A1B2C3D4-E5F6-7890-ABCD-EF1234567890}.Debug|Any CPU.ActiveCfg = Debug|Any CPU
		{A1B2C3D4-E5F6-7890-ABCD-EF1234567890}.Debug|Any CPU.Build.0 = Debug|Any CPU
		{A1B2C3D4-E5F6-7890-ABCD-EF1234567890}.Release|Any CPU.ActiveCfg = Release|Any CPU
		{A1B2C3D4-E5F6-7890-ABCD-EF1234567890}.Release|Any CPU.Build.0 = Release|Any CPU
		{696C6261-FE62-4993-A22E-EFC5EEBCF6EF}.Debug|Any CPU.ActiveCfg = Debug|Any CPU
		{696C6261-FE62-4993-A22E-EFC5EEBCF6EF}.Debug|Any CPU.Build.0 = Debug|Any CPU
		{696C6261-FE62-4993-A22E-EFC5EEBCF6EF}.Release|Any CPU.ActiveCfg = Release|Any CPU
		{696C6261-FE62-4993-A22E-EFC5EEBCF6EF}.Release|Any CPU.Build.0 = Release|Any CPU
		{AB17579F-5BE1-4CE0-BD27-2E902926C9A1}.Debug|Any CPU.ActiveCfg = Debug|Any CPU
		{AB17579F-5BE1-4CE0-BD27-2E902926C9A1}.Debug|Any CPU.Build.0 = Debug|Any CPU
		{AB17579F-5BE1-4CE0-BD27-2E902926C9A1}.Release|Any CPU.ActiveCfg = Release|Any CPU
		{AB17579F-5BE1-4CE0-BD27-2E902926C9A1}.Release|Any CPU.Build.0 = Release|Any CPU
	EndGlobalSection
	GlobalSection(NestedProjects) = preSolution
		{E80033BF-DE80-4B0A-9DB0-50FA44995CDF} = {67799486-68AC-4D5E-A990-F92717906E18}
		{35B01430-87DB-489D-99B9-4C90A9B6764F} = {67799486-68AC-4D5E-A990-F92717906E18}
		{FA8E5337-DD91-4AF8-B7C7-47273C80F108} = {67799486-68AC-4D5E-A990-F92717906E18}
		{C4FA423D-EDC4-4918-82EE-D5293A857F23} = {FA8E5337-DD91-4AF8-B7C7-47273C80F108}
		{F6A1D2C3-5B4E-4F7A-8C9D-1E2F3A4B5C6D} = {67799486-68AC-4D5E-A990-F92717906E18}
		{A1B2C3D4-E5F6-7890-ABCD-EF1234567890} = {67799486-68AC-4D5E-A990-F92717906E18}
		{696C6261-FE62-4993-A22E-EFC5EEBCF6EF} = {ECB7A2DB-320B-4C46-8067-712C45E7D674}
		{AB17579F-5BE1-4CE0-BD27-2E902926C9A1} = {ECB7A2DB-320B-4C46-8067-712C45E7D674}
	EndGlobalSection
EndGlobal
